github.com/josema294/hugo-developer-portfolio v0.0.0-20230421080835-4d3db20b1574 h1:sG3UFBM+3S+fCAmDhDPgsm37cNJlNYMUD5fzq/vvH1g=
github.com/josema294/hugo-developer-portfolio v0.0.0-20230421080835-4d3db20b1574/go.mod h1:epsSX9Rv1wZqsfMjLndPH4qJygbIBkW2MWm0jm+5izE=
github.com/samrobbins85/hugo-developer-portfolio v0.0.0-20221210153947-c30bea49d2b1 h1:yERXdhG6/CyTxqIa5TenpDufU/HMGdBnRxtRPxiiKog=
github.com/samrobbins85/hugo-developer-portfolio v0.0.0-20221210153947-c30bea49d2b1/go.mod h1:k8pYFLOf99+RFAdeKwBJGfgN2jyoX2bBv8j2MUaiqdo=
